
Microsoft Visual Studio Solution File, Format Version 12.00
# Visual Studio Version 16
VisualStudioVersion = 16.0.30523.141
MinimumVisualStudioVersion = 10.0.40219.1
Project("{FAE04EC0-301F-11D3-BF4B-00C04F79EFBC}") = "AppServer03", "AppServer03UsingNugetSupport\AppServer03.csproj", "{ED82AF16-7A67-4ED9-BF9A-CF57C7687557}"
EndProject
Global
	GlobalSection(SolutionConfigurationPlatforms) = preSolution
		Debug|Any CPU = Debug|Any CPU
		Release|Any CPU = Release|Any CPU
	EndGlobalSection
	GlobalSection(ProjectConfigurationPlatforms) = postSolution
		{ED82AF16-7A67-4ED9-BF9A-CF57C7687557}.Debug|Any CPU.ActiveCfg = Debug|Any CPU
		{ED82AF16-7A67-4ED9-BF9A-CF57C7687557}.Debug|Any CPU.Build.0 = Debug|Any CPU
		{ED82AF16-7A67-4ED9-BF9A-CF57C7687557}.Release|Any CPU.ActiveCfg = Release|Any CPU
		{ED82AF16-7A67-4ED9-BF9A-CF57C7687557}.Release|Any CPU.Build.0 = Release|Any CPU
	EndGlobalSection
	GlobalSection(SolutionProperties) = preSolution
		HideSolutionNode = FALSE
	EndGlobalSection
	GlobalSection(ExtensibilityGlobals) = postSolution
		SolutionGuid = {C006067D-A59E-4BEC-A0C1-100836130068}
	EndGlobalSection
EndGlobal
